
Microsoft Visual Studio Solution File, Format Version 12.00
# Visual Studio Version 17
VisualStudioVersion = 17.1.32328.378
MinimumVisualStudioVersion = 10.0.40219.1
Project("{FAE04EC0-301F-11D3-BF4B-00C04F79EFBC}") = "AISpawner", "AISpawner.csproj", "{76D24DA5-003B-459D-827F-92B34990BB6D}"
EndProject
Global
	GlobalSection(SolutionConfigurationPlatforms) = preSolution
		Debug|Any CPU = Debug|Any CPU
		Release|Any CPU = Release|Any CPU
	EndGlobalSection
	GlobalSection(ProjectConfigurationPlatforms) = postSolution
		{76D24DA5-003B-459D-827F-92B34990BB6D}.Debug|Any CPU.ActiveCfg = Debug|Any CPU
		{76D24DA5-003B-459D-827F-92B34990BB6D}.Debug|Any CPU.Build.0 = Debug|Any CPU
		{76D24DA5-003B-459D-827F-92B34990BB6D}.Release|Any CPU.ActiveCfg = Release|Any CPU
		{76D24DA5-003B-459D-827F-92B34990BB6D}.Release|Any CPU.Build.0 = Release|Any CPU
	EndGlobalSection
	GlobalSection(SolutionProperties) = preSolution
		HideSolutionNode = FALSE
	EndGlobalSection
	GlobalSection(ExtensibilityGlobals) = postSolution
		SolutionGuid = {3179A8A5-482F-41B3-A15B-646C7FD0139B}
	EndGlobalSection
EndGlobal
